
Microsoft Visual Studio Solution File, Format Version 12.00
# Visual Studio Version 16
VisualStudioVersion = 16.0.31410.357
MinimumVisualStudioVersion = 10.0.40219.1
Project("{FAE04EC0-301F-11D3-BF4B-00C04F79EFBC}") = "NoteTakerApp.Demo", "AudioCaptureIntegration.Demo\NoteTakerApp.Demo.csproj", "{1D65872D-9CC3-44AE-8BBF-077107E853AE}"
EndProject
Project("{FAE04EC0-301F-11D3-BF4B-00C04F79EFBC}") = "DropboxAudioTranscripition", "AudioCaptureIntegration.Core\DropboxAudioTranscripition.csproj", "{CA45A4B0-9436-412F-B0B2-A92614086886}"
EndProject
Project("{FAE04EC0-301F-11D3-BF4B-00C04F79EFBC}") = "NoteTakerApp.Core", "NoteTakerApp.Core\NoteTakerApp.Core.csproj", "{017206B4-7273-4C37-B050-5271F5B8A6FE}"
EndProject
Global
	GlobalSection(SolutionConfigurationPlatforms) = preSolution
		Debug|Any CPU = Debug|Any CPU
		Release|Any CPU = Release|Any CPU
	EndGlobalSection
	GlobalSection(ProjectConfigurationPlatforms) = postSolution
		{1D65872D-9CC3-44AE-8BBF-077107E853AE}.Debug|Any CPU.ActiveCfg = Debug|Any CPU
		{1D65872D-9CC3-44AE-8BBF-077107E853AE}.Debug|Any CPU.Build.0 = Debug|Any CPU
		{1D65872D-9CC3-44AE-8BBF-077107E853AE}.Release|Any CPU.ActiveCfg = Release|Any CPU
		{1D65872D-9CC3-44AE-8BBF-077107E853AE}.Release|Any CPU.Build.0 = Release|Any CPU
		{CA45A4B0-9436-412F-B0B2-A92614086886}.Debug|Any CPU.ActiveCfg = Debug|Any CPU
		{CA45A4B0-9436-412F-B0B2-A92614086886}.Debug|Any CPU.Build.0 = Debug|Any CPU
		{CA45A4B0-9436-412F-B0B2-A92614086886}.Release|Any CPU.ActiveCfg = Release|Any CPU
		{CA45A4B0-9436-412F-B0B2-A92614086886}.Release|Any CPU.Build.0 = Release|Any CPU
		{017206B4-7273-4C37-B050-5271F5B8A6FE}.Debug|Any CPU.ActiveCfg = Debug|Any CPU
		{017206B4-7273-4C37-B050-5271F5B8A6FE}.Debug|Any CPU.Build.0 = Debug|Any CPU
		{017206B4-7273-4C37-B050-5271F5B8A6FE}.Release|Any CPU.ActiveCfg = Release|Any CPU
		{017206B4-7273-4C37-B050-5271F5B8A6FE}.Release|Any CPU.Build.0 = Release|Any CPU
	EndGlobalSection
	GlobalSection(SolutionProperties) = preSolution
		HideSolutionNode = FALSE
	EndGlobalSection
	GlobalSection(ExtensibilityGlobals) = postSolution
		SolutionGuid = {E18DCA37-E539-47EF-8B06-C7370FB2474F}
	EndGlobalSection
EndGlobal
